
Microsoft Visual Studio Solution File, Format Version 12.00
# Visual Studio Version 16
VisualStudioVersion = 16.0.31019.35
MinimumVisualStudioVersion = 10.0.40219.1
Project("{FAE04EC0-301F-11D3-BF4B-00C04F79EFBC}") = "VolunteerSystem", "VolunteerSystem\VolunteerSystem.csproj", "{A50695BD-32F0-4BD2-B8E6-6D87BF94311A}"
EndProject
Project("{FAE04EC0-301F-11D3-BF4B-00C04F79EFBC}") = "WindowsFormsControlLibrary1", "WindowsFormsControlLibrary1\WindowsFormsControlLibrary1.csproj", "{1AC016FE-C874-4DA2-8C1A-AF2F10ACA341}"
EndProject
Project("{2150E333-8FDC-42A3-9474-1A3956D46DE8}") = "Solution Items", "Solution Items", "{89AFA8C6-720A-4BAC-84E5-AEA7318C8F8C}"
EndProject
Global
	GlobalSection(SolutionConfigurationPlatforms) = preSolution
		Debug|Any CPU = Debug|Any CPU
		Release|Any CPU = Release|Any CPU
	EndGlobalSection
	GlobalSection(ProjectConfigurationPlatforms) = postSolution
		{A50695BD-32F0-4BD2-B8E6-6D87BF94311A}.Debug|Any CPU.ActiveCfg = Debug|Any CPU
		{A50695BD-32F0-4BD2-B8E6-6D87BF94311A}.Debug|Any CPU.Build.0 = Debug|Any CPU
		{A50695BD-32F0-4BD2-B8E6-6D87BF94311A}.Release|Any CPU.ActiveCfg = Release|Any CPU
		{A50695BD-32F0-4BD2-B8E6-6D87BF94311A}.Release|Any CPU.Build.0 = Release|Any CPU
		{1AC016FE-C874-4DA2-8C1A-AF2F10ACA341}.Debug|Any CPU.ActiveCfg = Debug|Any CPU
		{1AC016FE-C874-4DA2-8C1A-AF2F10ACA341}.Debug|Any CPU.Build.0 = Debug|Any CPU
		{1AC016FE-C874-4DA2-8C1A-AF2F10ACA341}.Release|Any CPU.ActiveCfg = Release|Any CPU
		{1AC016FE-C874-4DA2-8C1A-AF2F10ACA341}.Release|Any CPU.Build.0 = Release|Any CPU
	EndGlobalSection
	GlobalSection(SolutionProperties) = preSolution
		HideSolutionNode = FALSE
	EndGlobalSection
	GlobalSection(ExtensibilityGlobals) = postSolution
		SolutionGuid = {6B76857B-B9E3-44CA-B40D-EEC41B17DCE1}
	EndGlobalSection
EndGlobal
